
Microsoft Visual Studio Solution File, Format Version 12.00
# Visual Studio Version 17
VisualStudioVersion = 17.0.31903.59
MinimumVisualStudioVersion = 10.0.40219.1
Project("{9A19103F-16F7-4668-BE54-9A1E7A4F7556}") = "XmlConfigInitialization", "XmlConfigInitialization\XmlConfigInitialization.csproj", "{1DEF8E34-7286-4C57-ABE1-E2E3CB005397}"
EndProject
Project("{FAE04EC0-301F-11D3-BF4B-00C04F79EFBC}") = "TestXmlConfigInitialition", "TestXmlConfigInitialition\TestXmlConfigInitialition.csproj", "{0F4E9EB3-9CA4-446C-A543-45F55B341C52}"
EndProject
Global
	GlobalSection(SolutionConfigurationPlatforms) = preSolution
		Debug|Any CPU = Debug|Any CPU
		Release|Any CPU = Release|Any CPU
	EndGlobalSection
	GlobalSection(ProjectConfigurationPlatforms) = postSolution
		{1DEF8E34-7286-4C57-ABE1-E2E3CB005397}.Debug|Any CPU.ActiveCfg = Debug|Any CPU
		{1DEF8E34-7286-4C57-ABE1-E2E3CB005397}.Debug|Any CPU.Build.0 = Debug|Any CPU
		{1DEF8E34-7286-4C57-ABE1-E2E3CB005397}.Release|Any CPU.ActiveCfg = Release|Any CPU
		{1DEF8E34-7286-4C57-ABE1-E2E3CB005397}.Release|Any CPU.Build.0 = Release|Any CPU
		{0F4E9EB3-9CA4-446C-A543-45F55B341C52}.Debug|Any CPU.ActiveCfg = Debug|Any CPU
		{0F4E9EB3-9CA4-446C-A543-45F55B341C52}.Debug|Any CPU.Build.0 = Debug|Any CPU
		{0F4E9EB3-9CA4-446C-A543-45F55B341C52}.Release|Any CPU.ActiveCfg = Release|Any CPU
		{0F4E9EB3-9CA4-446C-A543-45F55B341C52}.Release|Any CPU.Build.0 = Release|Any CPU
	EndGlobalSection
	GlobalSection(SolutionProperties) = preSolution
		HideSolutionNode = FALSE
	EndGlobalSection
	GlobalSection(ExtensibilityGlobals) = postSolution
		SolutionGuid = {9B89E225-4A3F-49A7-A079-2C3E549FB92B}
	EndGlobalSection
EndGlobal
